// !$*UTF8*$!
{
	archiveVersion = 1;
	classes = {
	};
	objectVersion = 55;
	objects = {

/* Begin PBXBuildFile section */
		4B00DCE827FC364E0046AC1A /* VideoListView.swift in Sources */ = {isa = PBXBuildFile; fileRef = 4B00DCE727FC364E0046AC1A /* VideoListView.swift */; };
		4B00DCEA27FC36980046AC1A /* MapView.swift in Sources */ = {isa = PBXBuildFile; fileRef = 4B00DCE927FC36980046AC1A /* MapView.swift */; };
		4B00DCEC27FC36BD0046AC1A /* GalleryView.swift in Sources */ = {isa = PBXBuildFile; fileRef = 4B00DCEB27FC36BD0046AC1A /* GalleryView.swift */; };
		4B00DCEE27FC37300046AC1A /* MainView.swift in Sources */ = {isa = PBXBuildFile; fileRef = 4B00DCED27FC37300046AC1A /* MainView.swift */; };
		4B02D4DF27FC1E8700308D79 /* AfricaApp.swift in Sources */ = {isa = PBXBuildFile; fileRef = 4B02D4DE27FC1E8700308D79 /* AfricaApp.swift */; };
		4B02D4E127FC1E8700308D79 /* ContentView.swift in Sources */ = {isa = PBXBuildFile; fileRef = 4B02D4E027FC1E8700308D79 /* ContentView.swift */; };
		4B02D4E327FC1E8800308D79 /* Assets.xcassets in Resources */ = {isa = PBXBuildFile; fileRef = 4B02D4E227FC1E8800308D79 /* Assets.xcassets */; };
		4B02D4E627FC1E8800308D79 /* Preview Assets.xcassets in Resources */ = {isa = PBXBuildFile; fileRef = 4B02D4E527FC1E8800308D79 /* Preview Assets.xcassets */; };
		4B44CC3C2802DF900044CCFA /* VideoPlayerView.swift in Sources */ = {isa = PBXBuildFile; fileRef = 4B44CC3B2802DF900044CCFA /* VideoPlayerView.swift */; };
		4B44CC3F2802E1A50044CCFA /* VideoPlayerHelper.swift in Sources */ = {isa = PBXBuildFile; fileRef = 4B44CC3E2802E1A50044CCFA /* VideoPlayerHelper.swift */; };
		4B4CF5CA27FD7709004BD8E1 /* CodableBundleExtension.swift in Sources */ = {isa = PBXBuildFile; fileRef = 4B4CF5C927FD7709004BD8E1 /* CodableBundleExtension.swift */; };
		4B52A1712802AFD300652E47 /* VideoModel.swift in Sources */ = {isa = PBXBuildFile; fileRef = 4B52A1702802AFD300652E47 /* VideoModel.swift */; };
		4B95F67B2802BA3C0045969E /* VideoListItemView.swift in Sources */ = {isa = PBXBuildFile; fileRef = 4B95F67A2802BA3C0045969E /* VideoListItemView.swift */; };
		4BA61DBE27FED561002536C1 /* AnimalDetailView.swift in Sources */ = {isa = PBXBuildFile; fileRef = 4BA61DBD27FED561002536C1 /* AnimalDetailView.swift */; };
		4BAAD6A827FF034700827580 /* HeadingView.swift in Sources */ = {isa = PBXBuildFile; fileRef = 4BAAD6A727FF034700827580 /* HeadingView.swift */; };
		4BAAD6AA27FF074400827580 /* InsertGalleryView.swift in Sources */ = {isa = PBXBuildFile; fileRef = 4BAAD6A927FF074400827580 /* InsertGalleryView.swift */; };
		4BAC9D5B280563B5005DA91A /* LocationModel.swift in Sources */ = {isa = PBXBuildFile; fileRef = 4BAC9D5A280563B5005DA91A /* LocationModel.swift */; };
		4BAF154527FEA6AE00B530C4 /* AnimalRowView.swift in Sources */ = {isa = PBXBuildFile; fileRef = 4BAF154427FEA6AE00B530C4 /* AnimalRowView.swift */; };
		4BAF154727FEA85B00B530C4 /* AnimalModel.swift in Sources */ = {isa = PBXBuildFile; fileRef = 4BAF154627FEA85B00B530C4 /* AnimalModel.swift */; };
		4BB2CF0B280156BF000FF9BE /* InsertMapView.swift in Sources */ = {isa = PBXBuildFile; fileRef = 4BB2CF0A280156BF000FF9BE /* InsertMapView.swift */; };
		4BB2CF0D28016329000FF9BE /* InsertLinkView.swift in Sources */ = {isa = PBXBuildFile; fileRef = 4BB2CF0C28016329000FF9BE /* InsertLinkView.swift */; };
		4BCE8A0A27FD59D60022D7A2 /* CoverImageView.swift in Sources */ = {isa = PBXBuildFile; fileRef = 4BCE8A0927FD59D60022D7A2 /* CoverImageView.swift */; };
		4BCE8A0F27FD63F50022D7A2 /* CoverImageModel.swift in Sources */ = {isa = PBXBuildFile; fileRef = 4BCE8A0E27FD63F50022D7A2 /* CoverImageModel.swift */; };
		4BEA7D052800193400D22385 /* InsertFactView.swift in Sources */ = {isa = PBXBuildFile; fileRef = 4BEA7D042800193400D22385 /* InsertFactView.swift */; };
		4BF9A5B827FC27D30002E70D /* rhino.mp4 in Resources */ = {isa = PBXBuildFile; fileRef = 4BF9A5AE27FC27D10002E70D /* rhino.mp4 */; };
		4BF9A5B927FC27D30002E70D /* lioness.mp4 in Resources */ = {isa = PBXBuildFile; fileRef = 4BF9A5AF27FC27D10002E70D /* lioness.mp4 */; };
		4BF9A5BA27FC27D30002E70D /* cheetah.mp4 in Resources */ = {isa = PBXBuildFile; fileRef = 4BF9A5B027FC27D10002E70D /* cheetah.mp4 */; };
		4BF9A5BB27FC27D30002E70D /* giraffe.mp4 in Resources */ = {isa = PBXBuildFile; fileRef = 4BF9A5B127FC27D20002E70D /* giraffe.mp4 */; };
		4BF9A5BC27FC27D30002E70D /* zebra.mp4 in Resources */ = {isa = PBXBuildFile; fileRef = 4BF9A5B227FC27D20002E70D /* zebra.mp4 */; };
		4BF9A5BD27FC27D30002E70D /* gorilla.mp4 in Resources */ = {isa = PBXBuildFile; fileRef = 4BF9A5B327FC27D20002E70D /* gorilla.mp4 */; };
		4BF9A5BE27FC27D30002E70D /* lion.mp4 in Resources */ = {isa = PBXBuildFile; fileRef = 4BF9A5B427FC27D20002E70D /* lion.mp4 */; };
		4BF9A5BF27FC27D30002E70D /* elephant.mp4 in Resources */ = {isa = PBXBuildFile; fileRef = 4BF9A5B527FC27D20002E70D /* elephant.mp4 */; };
		4BF9A5C027FC27D30002E70D /* ostrich.mp4 in Resources */ = {isa = PBXBuildFile; fileRef = 4BF9A5B627FC27D20002E70D /* ostrich.mp4 */; };
		4BF9A5C127FC27D30002E70D /* hippo.mp4 in Resources */ = {isa = PBXBuildFile; fileRef = 4BF9A5B727FC27D30002E70D /* hippo.mp4 */; };
		4BF9A5C727FC29D60002E70D /* covers.json in Resources */ = {isa = PBXBuildFile; fileRef = 4BF9A5C327FC29D60002E70D /* covers.json */; };
		4BF9A5C827FC29D60002E70D /* videos.json in Resources */ = {isa = PBXBuildFile; fileRef = 4BF9A5C427FC29D60002E70D /* videos.json */; };
		4BF9A5C927FC29D60002E70D /* animals.json in Resources */ = {isa = PBXBuildFile; fileRef = 4BF9A5C527FC29D60002E70D /* animals.json */; };
		4BF9A5CA27FC29D60002E70D /* locations.json in Resources */ = {isa = PBXBuildFile; fileRef = 4BF9A5C627FC29D60002E70D /* locations.json */; };
/* End PBXBuildFile section */

/* Begin PBXFileReference section */
		4B00DCE727FC364E0046AC1A /* VideoListView.swift */ = {isa = PBXFileReference; lastKnownFileType = sourcecode.swift; path = VideoListView.swift; sourceTree = "<group>"; };
		4B00DCE927FC36980046AC1A /* MapView.swift */ = {isa = PBXFileReference; lastKnownFileType = sourcecode.swift; path = MapView.swift; sourceTree = "<group>"; };
		4B00DCEB27FC36BD0046AC1A /* GalleryView.swift */ = {isa = PBXFileReference; lastKnownFileType = sourcecode.swift; path = GalleryView.swift; sourceTree = "<group>"; };
		4B00DCED27FC37300046AC1A /* MainView.swift */ = {isa = PBXFileReference; lastKnownFileType = sourcecode.swift; path = MainView.swift; sourceTree = "<group>"; };
		4B02D4DB27FC1E8700308D79 /* Africa.app */ = {isa = PBXFileReference; explicitFileType = wrapper.application; includeInIndex = 0; path = Africa.app; sourceTree = BUILT_PRODUCTS_DIR; };
		4B02D4DE27FC1E8700308D79 /* AfricaApp.swift */ = {isa = PBXFileReference; lastKnownFileType = sourcecode.swift; path = AfricaApp.swift; sourceTree = "<group>"; };
		4B02D4E027FC1E8700308D79 /* ContentView.swift */ = {isa = PBXFileReference; lastKnownFileType = sourcecode.swift; path = ContentView.swift; sourceTree = "<group>"; };
		4B02D4E227FC1E8800308D79 /* Assets.xcassets */ = {isa = PBXFileReference; lastKnownFileType = folder.assetcatalog; path = Assets.xcassets; sourceTree = "<group>"; };
		4B02D4E527FC1E8800308D79 /* Preview Assets.xcassets */ = {isa = PBXFileReference; lastKnownFileType = folder.assetcatalog; path = "Preview Assets.xcassets"; sourceTree = "<group>"; };
		4B44CC3B2802DF900044CCFA /* VideoPlayerView.swift */ = {isa = PBXFileReference; lastKnownFileType = sourcecode.swift; path = VideoPlayerView.swift; sourceTree = "<group>"; };
		4B44CC3E2802E1A50044CCFA /* VideoPlayerHelper.swift */ = {isa = PBXFileReference; lastKnownFileType = sourcecode.swift; path = VideoPlayerHelper.swift; sourceTree = "<group>"; };
		4B4CF5C927FD7709004BD8E1 /* CodableBundleExtension.swift */ = {isa = PBXFileReference; lastKnownFileType = sourcecode.swift; path = CodableBundleExtension.swift; sourceTree = "<group>"; };
		4B52A1702802AFD300652E47 /* VideoModel.swift */ = {isa = PBXFileReference; lastKnownFileType = sourcecode.swift; path = VideoModel.swift; sourceTree = "<group>"; };
		4B7C9DD827FC2C4A0007D4D3 /* Info.plist */ = {isa = PBXFileReference; lastKnownFileType = text.plist; path = Info.plist; sourceTree = "<group>"; };
		4B95F67A2802BA3C0045969E /* VideoListItemView.swift */ = {isa = PBXFileReference; lastKnownFileType = sourcecode.swift; path = VideoListItemView.swift; sourceTree = "<group>"; };
		4BA61DBD27FED561002536C1 /* AnimalDetailView.swift */ = {isa = PBXFileReference; lastKnownFileType = sourcecode.swift; path = AnimalDetailView.swift; sourceTree = "<group>"; };
		4BAAD6A727FF034700827580 /* HeadingView.swift */ = {isa = PBXFileReference; lastKnownFileType = sourcecode.swift; path = HeadingView.swift; sourceTree = "<group>"; };
		4BAAD6A927FF074400827580 /* InsertGalleryView.swift */ = {isa = PBXFileReference; lastKnownFileType = sourcecode.swift; path = InsertGalleryView.swift; sourceTree = "<group>"; };
		4BAC9D5A280563B5005DA91A /* LocationModel.swift */ = {isa = PBXFileReference; lastKnownFileType = sourcecode.swift; path = LocationModel.swift; sourceTree = "<group>"; };
		4BAF154427FEA6AE00B530C4 /* AnimalRowView.swift */ = {isa = PBXFileReference; lastKnownFileType = sourcecode.swift; path = AnimalRowView.swift; sourceTree = "<group>"; };
		4BAF154627FEA85B00B530C4 /* AnimalModel.swift */ = {isa = PBXFileReference; lastKnownFileType = sourcecode.swift; path = AnimalModel.swift; sourceTree = "<group>"; };
		4BB2CF0A280156BF000FF9BE /* InsertMapView.swift */ = {isa = PBXFileReference; lastKnownFileType = sourcecode.swift; path = InsertMapView.swift; sourceTree = "<group>"; };
		4BB2CF0C28016329000FF9BE /* InsertLinkView.swift */ = {isa = PBXFileReference; lastKnownFileType = sourcecode.swift; path = InsertLinkView.swift; sourceTree = "<group>"; };
		4BCE8A0927FD59D60022D7A2 /* CoverImageView.swift */ = {isa = PBXFileReference; lastKnownFileType = sourcecode.swift; path = CoverImageView.swift; sourceTree = "<group>"; };
		4BCE8A0E27FD63F50022D7A2 /* CoverImageModel.swift */ = {isa = PBXFileReference; lastKnownFileType = sourcecode.swift; path = CoverImageModel.swift; sourceTree = "<group>"; };
		4BEA7D042800193400D22385 /* InsertFactView.swift */ = {isa = PBXFileReference; lastKnownFileType = sourcecode.swift; path = InsertFactView.swift; sourceTree = "<group>"; };
		4BF9A5AE27FC27D10002E70D /* rhino.mp4 */ = {isa = PBXFileReference; lastKnownFileType = file; path = rhino.mp4; sourceTree = "<group>"; };
		4BF9A5AF27FC27D10002E70D /* lioness.mp4 */ = {isa = PBXFileReference; lastKnownFileType = file; path = lioness.mp4; sourceTree = "<group>"; };
		4BF9A5B027FC27D10002E70D /* cheetah.mp4 */ = {isa = PBXFileReference; lastKnownFileType = file; path = cheetah.mp4; sourceTree = "<group>"; };
		4BF9A5B127FC27D20002E70D /* giraffe.mp4 */ = {isa = PBXFileReference; lastKnownFileType = file; path = giraffe.mp4; sourceTree = "<group>"; };
		4BF9A5B227FC27D20002E70D /* zebra.mp4 */ = {isa = PBXFileReference; lastKnownFileType = file; path = zebra.mp4; sourceTree = "<group>"; };
		4BF9A5B327FC27D20002E70D /* gorilla.mp4 */ = {isa = PBXFileReference; lastKnownFileType = file; path = gorilla.mp4; sourceTree = "<group>"; };
		4BF9A5B427FC27D20002E70D /* lion.mp4 */ = {isa = PBXFileReference; lastKnownFileType = file; path = lion.mp4; sourceTree = "<group>"; };
		4BF9A5B527FC27D20002E70D /* elephant.mp4 */ = {isa = PBXFileReference; lastKnownFileType = file; path = elephant.mp4; sourceTree = "<group>"; };
		4BF9A5B627FC27D20002E70D /* ostrich.mp4 */ = {isa = PBXFileReference; lastKnownFileType = file; path = ostrich.mp4; sourceTree = "<group>"; };
		4BF9A5B727FC27D30002E70D /* hippo.mp4 */ = {isa = PBXFileReference; lastKnownFileType = file; path = hippo.mp4; sourceTree = "<group>"; };
		4BF9A5C327FC29D60002E70D /* covers.json */ = {isa = PBXFileReference; fileEncoding = 4; lastKnownFileType = text.json; path = covers.json; sourceTree = "<group>"; };
		4BF9A5C427FC29D60002E70D /* videos.json */ = {isa = PBXFileReference; fileEncoding = 4; lastKnownFileType = text.json; path = videos.json; sourceTree = "<group>"; };
		4BF9A5C527FC29D60002E70D /* animals.json */ = {isa = PBXFileReference; fileEncoding = 4; lastKnownFileType = text.json; path = animals.json; sourceTree = "<group>"; };
		4BF9A5C627FC29D60002E70D /* locations.json */ = {isa = PBXFileReference; fileEncoding = 4; lastKnownFileType = text.json; path = locations.json; sourceTree = "<group>"; };
/* End PBXFileReference section */

/* Begin PBXFrameworksBuildPhase section */
		4B02D4D827FC1E8700308D79 /* Frameworks */ = {
			isa = PBXFrameworksBuildPhase;
			buildActionMask = 2147483647;
			files = (
			);
			runOnlyForDeploymentPostprocessing = 0;
		};
/* End PBXFrameworksBuildPhase section */

/* Begin PBXGroup section */
		4B02D4D227FC1E8700308D79 = {
			isa = PBXGroup;
			children = (
				4B02D4DD27FC1E8700308D79 /* Africa */,
				4B02D4DC27FC1E8700308D79 /* Products */,
			);
			sourceTree = "<group>";
		};
		4B02D4DC27FC1E8700308D79 /* Products */ = {
			isa = PBXGroup;
			children = (
				4B02D4DB27FC1E8700308D79 /* Africa.app */,
			);
			name = Products;
			sourceTree = "<group>";
		};
		4B02D4DD27FC1E8700308D79 /* Africa */ = {
			isa = PBXGroup;
			children = (
				4B44CC3D2802E1860044CCFA /* Helper */,
				4B4CF5C827FD76E0004BD8E1 /* Extension */,
				4BCE8A0B27FD63C10022D7A2 /* Model */,
				4B7C9DD827FC2C4A0007D4D3 /* Info.plist */,
				4BCE8A0827FD59B20022D7A2 /* View */,
				4BF9A5C227FC284D0002E70D /* Data */,
				4BF9A5AD27FC27B60002E70D /* Video */,
				4B7C9DDB27FC30800007D4D3 /* App */,
				4B02D4E227FC1E8800308D79 /* Assets.xcassets */,
				4B02D4E427FC1E8800308D79 /* Preview Content */,
			);
			path = Africa;
			sourceTree = "<group>";
		};
		4B02D4E427FC1E8800308D79 /* Preview Content */ = {
			isa = PBXGroup;
			children = (
				4B02D4E527FC1E8800308D79 /* Preview Assets.xcassets */,
			);
			path = "Preview Content";
			sourceTree = "<group>";
		};
		4B44CC3D2802E1860044CCFA /* Helper */ = {
			isa = PBXGroup;
			children = (
				4B44CC3E2802E1A50044CCFA /* VideoPlayerHelper.swift */,
			);
			path = Helper;
			sourceTree = "<group>";
		};
		4B4CF5C827FD76E0004BD8E1 /* Extension */ = {
			isa = PBXGroup;
			children = (
				4B4CF5C927FD7709004BD8E1 /* CodableBundleExtension.swift */,
			);
			path = Extension;
			sourceTree = "<group>";
		};
		4B7C9DDB27FC30800007D4D3 /* App */ = {
			isa = PBXGroup;
			children = (
				4B02D4DE27FC1E8700308D79 /* AfricaApp.swift */,
				4B02D4E027FC1E8700308D79 /* ContentView.swift */,
				4B00DCE727FC364E0046AC1A /* VideoListView.swift */,
				4B00DCE927FC36980046AC1A /* MapView.swift */,
				4B00DCEB27FC36BD0046AC1A /* GalleryView.swift */,
				4B00DCED27FC37300046AC1A /* MainView.swift */,
			);
			path = App;
			sourceTree = "<group>";
		};
		4BCE8A0827FD59B20022D7A2 /* View */ = {
			isa = PBXGroup;
			children = (
				4BCE8A0927FD59D60022D7A2 /* CoverImageView.swift */,
				4BAF154427FEA6AE00B530C4 /* AnimalRowView.swift */,
				4BA61DBD27FED561002536C1 /* AnimalDetailView.swift */,
				4BAAD6A727FF034700827580 /* HeadingView.swift */,
				4BAAD6A927FF074400827580 /* InsertGalleryView.swift */,
				4BEA7D042800193400D22385 /* InsertFactView.swift */,
				4BB2CF0A280156BF000FF9BE /* InsertMapView.swift */,
				4BB2CF0C28016329000FF9BE /* InsertLinkView.swift */,
				4B95F67A2802BA3C0045969E /* VideoListItemView.swift */,
				4B44CC3B2802DF900044CCFA /* VideoPlayerView.swift */,
			);
			path = View;
			sourceTree = "<group>";
		};
		4BCE8A0B27FD63C10022D7A2 /* Model */ = {
			isa = PBXGroup;
			children = (
				4BCE8A0E27FD63F50022D7A2 /* CoverImageModel.swift */,
				4BAF154627FEA85B00B530C4 /* AnimalModel.swift */,
				4B52A1702802AFD300652E47 /* VideoModel.swift */,
				4BAC9D5A280563B5005DA91A /* LocationModel.swift */,
			);
			path = Model;
			sourceTree = "<group>";
		};
		4BF9A5AD27FC27B60002E70D /* Video */ = {
			isa = PBXGroup;
			children = (
				4BF9A5B027FC27D10002E70D /* cheetah.mp4 */,
				4BF9A5B527FC27D20002E70D /* elephant.mp4 */,
				4BF9A5B127FC27D20002E70D /* giraffe.mp4 */,
				4BF9A5B327FC27D20002E70D /* gorilla.mp4 */,
				4BF9A5B727FC27D30002E70D /* hippo.mp4 */,
				4BF9A5B427FC27D20002E70D /* lion.mp4 */,
				4BF9A5AF27FC27D10002E70D /* lioness.mp4 */,
				4BF9A5B627FC27D20002E70D /* ostrich.mp4 */,
				4BF9A5AE27FC27D10002E70D /* rhino.mp4 */,
				4BF9A5B227FC27D20002E70D /* zebra.mp4 */,
			);
			path = Video;
			sourceTree = "<group>";
		};
		4BF9A5C227FC284D0002E70D /* Data */ = {
			isa = PBXGroup;
			children = (
				4BF9A5C327FC29D60002E70D /* covers.json */,
				4BF9A5C527FC29D60002E70D /* animals.json */,
				4BF9A5C627FC29D60002E70D /* locations.json */,
				4BF9A5C427FC29D60002E70D /* videos.json */,
			);
			path = Data;
			sourceTree = "<group>";
		};
/* End PBXGroup section */

/* Begin PBXNativeTarget section */
		4B02D4DA27FC1E8700308D79 /* Africa */ = {
			isa = PBXNativeTarget;
			buildConfigurationList = 4B02D4E927FC1E8800308D79 /* Build configuration list for PBXNativeTarget "Africa" */;
			buildPhases = (
				4B02D4D727FC1E8700308D79 /* Sources */,
				4B02D4D827FC1E8700308D79 /* Frameworks */,
				4B02D4D927FC1E8700308D79 /* Resources */,
			);
			buildRules = (
			);
			dependencies = (
			);
			name = Africa;
			productName = Africa;
			productReference = 4B02D4DB27FC1E8700308D79 /* Africa.app */;
			productType = "com.apple.product-type.application";
		};
/* End PBXNativeTarget section */

/* Begin PBXProject section */
		4B02D4D327FC1E8700308D79 /* Project object */ = {
			isa = PBXProject;
			attributes = {
				BuildIndependentTargetsInParallel = 1;
				LastSwiftUpdateCheck = 1330;
				LastUpgradeCheck = 1330;
				TargetAttributes = {
					4B02D4DA27FC1E8700308D79 = {
						CreatedOnToolsVersion = 13.3;
					};
				};
			};
			buildConfigurationList = 4B02D4D627FC1E8700308D79 /* Build configuration list for PBXProject "Africa" */;
			compatibilityVersion = "Xcode 13.0";
			developmentRegion = en;
			hasScannedForEncodings = 0;
			knownRegions = (
				en,
				Base,
			);
			mainGroup = 4B02D4D227FC1E8700308D79;
			productRefGroup = 4B02D4DC27FC1E8700308D79 /* Products */;
			projectDirPath = "";
			projectRoot = "";
			targets = (
				4B02D4DA27FC1E8700308D79 /* Africa */,
			);
		};
/* End PBXProject section */

/* Begin PBXResourcesBuildPhase section */
		4B02D4D927FC1E8700308D79 /* Resources */ = {
			isa = PBXResourcesBuildPhase;
			buildActionMask = 2147483647;
			files = (
				4BF9A5C927FC29D60002E70D /* animals.json in Resources */,
				4BF9A5C727FC29D60002E70D /* covers.json in Resources */,
				4BF9A5CA27FC29D60002E70D /* locations.json in Resources */,
				4BF9A5B827FC27D30002E70D /* rhino.mp4 in Resources */,
				4BF9A5BA27FC27D30002E70D /* cheetah.mp4 in Resources */,
				4BF9A5C827FC29D60002E70D /* videos.json in Resources */,
				4BF9A5BB27FC27D30002E70D /* giraffe.mp4 in Resources */,
				4B02D4E627FC1E8800308D79 /* Preview Assets.xcassets in Resources */,
				4BF9A5C127FC27D30002E70D /* hippo.mp4 in Resources */,
				4BF9A5BD27FC27D30002E70D /* gorilla.mp4 in Resources */,
				4B02D4E327FC1E8800308D79 /* Assets.xcassets in Resources */,
				4BF9A5BC27FC27D30002E70D /* zebra.mp4 in Resources */,
				4BF9A5BE27FC27D30002E70D /* lion.mp4 in Resources */,
				4BF9A5BF27FC27D30002E70D /* elephant.mp4 in Resources */,
				4BF9A5B927FC27D30002E70D /* lioness.mp4 in Resources */,
				4BF9A5C027FC27D30002E70D /* ostrich.mp4 in Resources */,
			);
			runOnlyForDeploymentPostprocessing = 0;
		};
/* End PBXResourcesBuildPhase section */

/* Begin PBXSourcesBuildPhase section */
		4B02D4D727FC1E8700308D79 /* Sources */ = {
			isa = PBXSourcesBuildPhase;
			buildActionMask = 2147483647;
			files = (
				4B02D4E127FC1E8700308D79 /* ContentView.swift in Sources */,
				4B00DCEE27FC37300046AC1A /* MainView.swift in Sources */,
				4BCE8A0A27FD59D60022D7A2 /* CoverImageView.swift in Sources */,
				4B00DCEA27FC36980046AC1A /* MapView.swift in Sources */,
				4BA61DBE27FED561002536C1 /* AnimalDetailView.swift in Sources */,
				4BCE8A0F27FD63F50022D7A2 /* CoverImageModel.swift in Sources */,
				4BAF154727FEA85B00B530C4 /* AnimalModel.swift in Sources */,
				4BAF154527FEA6AE00B530C4 /* AnimalRowView.swift in Sources */,
				4BB2CF0D28016329000FF9BE /* InsertLinkView.swift in Sources */,
				4B02D4DF27FC1E8700308D79 /* AfricaApp.swift in Sources */,
				4B44CC3F2802E1A50044CCFA /* VideoPlayerHelper.swift in Sources */,
				4B00DCEC27FC36BD0046AC1A /* GalleryView.swift in Sources */,
				4B00DCE827FC364E0046AC1A /* VideoListView.swift in Sources */,
				4B4CF5CA27FD7709004BD8E1 /* CodableBundleExtension.swift in Sources */,
				4B52A1712802AFD300652E47 /* VideoModel.swift in Sources */,
				4BB2CF0B280156BF000FF9BE /* InsertMapView.swift in Sources */,
				4BAC9D5B280563B5005DA91A /* LocationModel.swift in Sources */,
				4BAAD6AA27FF074400827580 /* InsertGalleryView.swift in Sources */,
				4B95F67B2802BA3C0045969E /* VideoListItemView.swift in Sources */,
				4BAAD6A827FF034700827580 /* HeadingView.swift in Sources */,
				4BEA7D052800193400D22385 /* InsertFactView.swift in Sources */,
				4B44CC3C2802DF900044CCFA /* VideoPlayerView.swift in Sources */,
			);
			runOnlyForDeploymentPostprocessing = 0;
		};
/* End PBXSourcesBuildPhase section */

/* Begin XCBuildConfiguration section */
		4B02D4E727FC1E8800308D79 /* Debug */ = {
			isa = XCBuildConfiguration;
			buildSettings = {
				ALWAYS_SEARCH_USER_PATHS = NO;
				CLANG_ANALYZER_NONNULL = YES;
				CLANG_ANALYZER_NUMBER_OBJECT_CONVERSION = YES_AGGRESSIVE;
				CLANG_CXX_LANGUAGE_STANDARD = "gnu++17";
				CLANG_ENABLE_MODULES = YES;
				CLANG_ENABLE_OBJC_ARC = YES;
				CLANG_ENABLE_OBJC_WEAK = YES;
				CLANG_WARN_BLOCK_CAPTURE_AUTORELEASING = YES;
				CLANG_WARN_BOOL_CONVERSION = YES;
				CLANG_WARN_COMMA = YES;
				CLANG_WARN_CONSTANT_CONVERSION = YES;
				CLANG_WARN_DEPRECATED_OBJC_IMPLEMENTATIONS = YES;
				CLANG_WARN_DIRECT_OBJC_ISA_USAGE = YES_ERROR;
				CLANG_WARN_DOCUMENTATION_COMMENTS = YES;
				CLANG_WARN_EMPTY_BODY = YES;
				CLANG_WARN_ENUM_CONVERSION = YES;
				CLANG_WARN_INFINITE_RECURSION = YES;
				CLANG_WARN_INT_CONVERSION = YES;
				CLANG_WARN_NON_LITERAL_NULL_CONVERSION = YES;
				CLANG_WARN_OBJC_IMPLICIT_RETAIN_SELF = YES;
				CLANG_WARN_OBJC_LITERAL_CONVERSION = YES;
				CLANG_WARN_OBJC_ROOT_CLASS = YES_ERROR;
				CLANG_WARN_QUOTED_INCLUDE_IN_FRAMEWORK_HEADER = YES;
				CLANG_WARN_RANGE_LOOP_ANALYSIS = YES;
				CLANG_WARN_STRICT_PROTOTYPES = YES;
				CLANG_WARN_SUSPICIOUS_MOVE = YES;
				CLANG_WARN_UNGUARDED_AVAILABILITY = YES_AGGRESSIVE;
				CLANG_WARN_UNREACHABLE_CODE = YES;
				CLANG_WARN__DUPLICATE_METHOD_MATCH = YES;
				COPY_PHASE_STRIP = NO;
				DEBUG_INFORMATION_FORMAT = dwarf;
				ENABLE_STRICT_OBJC_MSGSEND = YES;
				ENABLE_TESTABILITY = YES;
				GCC_C_LANGUAGE_STANDARD = gnu11;
				GCC_DYNAMIC_NO_PIC = NO;
				GCC_NO_COMMON_BLOCKS = YES;
				GCC_OPTIMIZATION_LEVEL = 0;
				GCC_PREPROCESSOR_DEFINITIONS = (
					"DEBUG=1",
					"$(inherited)",
				);
				GCC_WARN_64_TO_32_BIT_CONVERSION = YES;
				GCC_WARN_ABOUT_RETURN_TYPE = YES_ERROR;
				GCC_WARN_UNDECLARED_SELECTOR = YES;
				GCC_WARN_UNINITIALIZED_AUTOS = YES_AGGRESSIVE;
				GCC_WARN_UNUSED_FUNCTION = YES;
				GCC_WARN_UNUSED_VARIABLE = YES;
				IPHONEOS_DEPLOYMENT_TARGET = 15.4;
				MTL_ENABLE_DEBUG_INFO = INCLUDE_SOURCE;
				MTL_FAST_MATH = YES;
				ONLY_ACTIVE_ARCH = YES;
				SDKROOT = iphoneos;
				SWIFT_ACTIVE_COMPILATION_CONDITIONS = DEBUG;
				SWIFT_OPTIMIZATION_LEVEL = "-Onone";
			};
			name = Debug;
		};
		4B02D4E827FC1E8800308D79 /* Release */ = {
			isa = XCBuildConfiguration;
			buildSettings = {
				ALWAYS_SEARCH_USER_PATHS = NO;
				CLANG_ANALYZER_NONNULL = YES;
				CLANG_ANALYZER_NUMBER_OBJECT_CONVERSION = YES_AGGRESSIVE;
				CLANG_CXX_LANGUAGE_STANDARD = "gnu++17";
				CLANG_ENABLE_MODULES = YES;
				CLANG_ENABLE_OBJC_ARC = YES;
				CLANG_ENABLE_OBJC_WEAK = YES;
				CLANG_WARN_BLOCK_CAPTURE_AUTORELEASING = YES;
				CLANG_WARN_BOOL_CONVERSION = YES;
				CLANG_WARN_COMMA = YES;
				CLANG_WARN_CONSTANT_CONVERSION = YES;
				CLANG_WARN_DEPRECATED_OBJC_IMPLEMENTATIONS = YES;
				CLANG_WARN_DIRECT_OBJC_ISA_USAGE = YES_ERROR;
				CLANG_WARN_DOCUMENTATION_COMMENTS = YES;
				CLANG_WARN_EMPTY_BODY = YES;
				CLANG_WARN_ENUM_CONVERSION = YES;
				CLANG_WARN_INFINITE_RECURSION = YES;
				CLANG_WARN_INT_CONVERSION = YES;
				CLANG_WARN_NON_LITERAL_NULL_CONVERSION = YES;
				CLANG_WARN_OBJC_IMPLICIT_RETAIN_SELF = YES;
				CLANG_WARN_OBJC_LITERAL_CONVERSION = YES;
				CLANG_WARN_OBJC_ROOT_CLASS = YES_ERROR;
				CLANG_WARN_QUOTED_INCLUDE_IN_FRAMEWORK_HEADER = YES;
				CLANG_WARN_RANGE_LOOP_ANALYSIS = YES;
				CLANG_WARN_STRICT_PROTOTYPES = YES;
				CLANG_WARN_SUSPICIOUS_MOVE = YES;
				CLANG_WARN_UNGUARDED_AVAILABILITY = YES_AGGRESSIVE;
				CLANG_WARN_UNREACHABLE_CODE = YES;
				CLANG_WARN__DUPLICATE_METHOD_MATCH = YES;
				COPY_PHASE_STRIP = NO;
				DEBUG_INFORMATION_FORMAT = "dwarf-with-dsym";
				ENABLE_NS_ASSERTIONS = NO;
				ENABLE_STRICT_OBJC_MSGSEND = YES;
				GCC_C_LANGUAGE_STANDARD = gnu11;
				GCC_NO_COMMON_BLOCKS = YES;
				GCC_WARN_64_TO_32_BIT_CONVERSION = YES;
				GCC_WARN_ABOUT_RETURN_TYPE = YES_ERROR;
				GCC_WARN_UNDECLARED_SELECTOR = YES;
				GCC_WARN_UNINITIALIZED_AUTOS = YES_AGGRESSIVE;
				GCC_WARN_UNUSED_FUNCTION = YES;
				GCC_WARN_UNUSED_VARIABLE = YES;
				IPHONEOS_DEPLOYMENT_TARGET = 15.4;
				MTL_ENABLE_DEBUG_INFO = NO;
				MTL_FAST_MATH = YES;
				SDKROOT = iphoneos;
				SWIFT_COMPILATION_MODE = wholemodule;
				SWIFT_OPTIMIZATION_LEVEL = "-O";
				VALIDATE_PRODUCT = YES;
			};
			name = Release;
		};
		4B02D4EA27FC1E8800308D79 /* Debug */ = {
			isa = XCBuildConfiguration;
			buildSettings = {
				ASSETCATALOG_COMPILER_APPICON_NAME = AppIcon;
				ASSETCATALOG_COMPILER_GLOBAL_ACCENT_COLOR_NAME = AccentColor;
				CODE_SIGN_STYLE = Automatic;
				CURRENT_PROJECT_VERSION = 1;
				DEVELOPMENT_ASSET_PATHS = "\"Africa/Preview Content\"";
				ENABLE_PREVIEWS = YES;
				GENERATE_INFOPLIST_FILE = YES;
				INFOPLIST_FILE = Africa/Info.plist;
				INFOPLIST_KEY_UIApplicationSceneManifest_Generation = YES;
				INFOPLIST_KEY_UIApplicationSupportsIndirectInputEvents = YES;
				INFOPLIST_KEY_UISupportedInterfaceOrientations_iPad = "UIInterfaceOrientationPortrait UIInterfaceOrientationPortraitUpsideDown UIInterfaceOrientationLandscapeLeft UIInterfaceOrientationLandscapeRight";
				INFOPLIST_KEY_UISupportedInterfaceOrientations_iPhone = "UIInterfaceOrientationPortrait UIInterfaceOrientationLandscapeLeft UIInterfaceOrientationLandscapeRight";
				INFOPLIST_KEY_UIUserInterfaceStyle = Dark;
				LD_RUNPATH_SEARCH_PATHS = (
					"$(inherited)",
					"@executable_path/Frameworks",
				);
				MARKETING_VERSION = 1.0;
				PRODUCT_BUNDLE_IDENTIFIER = com.vlsss.Africa;
				PRODUCT_NAME = "$(TARGET_NAME)";
				SWIFT_EMIT_LOC_STRINGS = YES;
				SWIFT_VERSION = 5.0;
				TARGETED_DEVICE_FAMILY = "1,2";
			};
			name = Debug;
		};
		4B02D4EB27FC1E8800308D79 /* Release */ = {
			isa = XCBuildConfiguration;
			buildSettings = {
				ASSETCATALOG_COMPILER_APPICON_NAME = AppIcon;
				ASSETCATALOG_COMPILER_GLOBAL_ACCENT_COLOR_NAME = AccentColor;
				CODE_SIGN_STYLE = Automatic;
				CURRENT_PROJECT_VERSION = 1;
				DEVELOPMENT_ASSET_PATHS = "\"Africa/Preview Content\"";
				ENABLE_PREVIEWS = YES;
				GENERATE_INFOPLIST_FILE = YES;
				INFOPLIST_FILE = Africa/Info.plist;
				INFOPLIST_KEY_UIApplicationSceneManifest_Generation = YES;
				INFOPLIST_KEY_UIApplicationSupportsIndirectInputEvents = YES;
				INFOPLIST_KEY_UISupportedInterfaceOrientations_iPad = "UIInterfaceOrientationPortrait UIInterfaceOrientationPortraitUpsideDown UIInterfaceOrientationLandscapeLeft UIInterfaceOrientationLandscapeRight";
				INFOPLIST_KEY_UISupportedInterfaceOrientations_iPhone = "UIInterfaceOrientationPortrait UIInterfaceOrientationLandscapeLeft UIInterfaceOrientationLandscapeRight";
				INFOPLIST_KEY_UIUserInterfaceStyle = Dark;
				LD_RUNPATH_SEARCH_PATHS = (
					"$(inherited)",
					"@executable_path/Frameworks",
				);
				MARKETING_VERSION = 1.0;
				PRODUCT_BUNDLE_IDENTIFIER = com.vlsss.Africa;
				PRODUCT_NAME = "$(TARGET_NAME)";
				SWIFT_EMIT_LOC_STRINGS = YES;
				SWIFT_VERSION = 5.0;
				TARGETED_DEVICE_FAMILY = "1,2";
			};
			name = Release;
		};
/* End XCBuildConfiguration section */

/* Begin XCConfigurationList section */
		4B02D4D627FC1E8700308D79 /* Build configuration list for PBXProject "Africa" */ = {
			isa = XCConfigurationList;
			buildConfigurations = (
				4B02D4E727FC1E8800308D79 /* Debug */,
				4B02D4E827FC1E8800308D79 /* Release */,
			);
			defaultConfigurationIsVisible = 0;
			defaultConfigurationName = Release;
		};
		4B02D4E927FC1E8800308D79 /* Build configuration list for PBXNativeTarget "Africa" */ = {
			isa = XCConfigurationList;
			buildConfigurations = (
				4B02D4EA27FC1E8800308D79 /* Debug */,
				4B02D4EB27FC1E8800308D79 /* Release */,
			);
			defaultConfigurationIsVisible = 0;
			defaultConfigurationName = Release;
		};
/* End XCConfigurationList section */
	};
	rootObject = 4B02D4D327FC1E8700308D79 /* Project object */;
}
